// !$*UTF8*$!
{
	archiveVersion = 1;
	classes = {
	};
	objectVersion = 56;
	objects = {

/* Begin PBXBuildFile section */
		18C6D76F2969E3360017EF72 /* Changey.swift in Sources */ = {isa = PBXBuildFile; fileRef = 18C6D76E2969E3360017EF72 /* Changey.swift */; };
		18C6D7712969E3360017EF72 /* ContentView.swift in Sources */ = {isa = PBXBuildFile; fileRef = 18C6D7702969E3360017EF72 /* ContentView.swift */; };
		18C6D7732969E3380017EF72 /* Assets.xcassets in Resources */ = {isa = PBXBuildFile; fileRef = 18C6D7722969E3380017EF72 /* Assets.xcassets */; };
		18C6D7762969E3380017EF72 /* Preview Assets.xcassets in Resources */ = {isa = PBXBuildFile; fileRef = 18C6D7752969E3380017EF72 /* Preview Assets.xcassets */; };
		18C6D77E2969E3E20017EF72 /* OpenAIKit in Frameworks */ = {isa = PBXBuildFile; productRef = 18C6D77D2969E3E20017EF72 /* OpenAIKit */; };
		61B7F7232B98E338002466F4 /* ViewModel.swift in Sources */ = {isa = PBXBuildFile; fileRef = 61B7F7222B98E338002466F4 /* ViewModel.swift */; };
		61B7F7252B98E370002466F4 /* ImageSaver.swift in Sources */ = {isa = PBXBuildFile; fileRef = 61B7F7242B98E370002466F4 /* ImageSaver.swift */; };
		61B7F7272B98E3A3002466F4 /* SceneContainerView.swift in Sources */ = {isa = PBXBuildFile; fileRef = 61B7F7262B98E3A3002466F4 /* SceneContainerView.swift */; };
		61B7F7292B98E406002466F4 /* SidebarToolbarModifier.swift in Sources */ = {isa = PBXBuildFile; fileRef = 61B7F7282B98E406002466F4 /* SidebarToolbarModifier.swift */; };
		61B7F72B2B98E44B002466F4 /* MoveToModifier.swift in Sources */ = {isa = PBXBuildFile; fileRef = 61B7F72A2B98E44B002466F4 /* MoveToModifier.swift */; };
/* End PBXBuildFile section */

/* Begin PBXFileReference section */
		18C6D76B2969E3360017EF72 /* Changey.app */ = {isa = PBXFileReference; explicitFileType = wrapper.application; includeInIndex = 0; path = Changey.app; sourceTree = BUILT_PRODUCTS_DIR; };
		18C6D76E2969E3360017EF72 /* Changey.swift */ = {isa = PBXFileReference; lastKnownFileType = sourcecode.swift; path = Changey.swift; sourceTree = "<group>"; };
		18C6D7702969E3360017EF72 /* ContentView.swift */ = {isa = PBXFileReference; lastKnownFileType = sourcecode.swift; path = ContentView.swift; sourceTree = "<group>"; };
		18C6D7722969E3380017EF72 /* Assets.xcassets */ = {isa = PBXFileReference; lastKnownFileType = folder.assetcatalog; path = Assets.xcassets; sourceTree = "<group>"; };
		18C6D7752969E3380017EF72 /* Preview Assets.xcassets */ = {isa = PBXFileReference; lastKnownFileType = folder.assetcatalog; path = "Preview Assets.xcassets"; sourceTree = "<group>"; };
		61B7F7222B98E338002466F4 /* ViewModel.swift */ = {isa = PBXFileReference; lastKnownFileType = sourcecode.swift; path = ViewModel.swift; sourceTree = "<group>"; };
		61B7F7242B98E370002466F4 /* ImageSaver.swift */ = {isa = PBXFileReference; lastKnownFileType = sourcecode.swift; path = ImageSaver.swift; sourceTree = "<group>"; };
		61B7F7262B98E3A3002466F4 /* SceneContainerView.swift */ = {isa = PBXFileReference; lastKnownFileType = sourcecode.swift; path = SceneContainerView.swift; sourceTree = "<group>"; };
		61B7F7282B98E406002466F4 /* SidebarToolbarModifier.swift */ = {isa = PBXFileReference; lastKnownFileType = sourcecode.swift; path = SidebarToolbarModifier.swift; sourceTree = "<group>"; };
		61B7F72A2B98E44B002466F4 /* MoveToModifier.swift */ = {isa = PBXFileReference; lastKnownFileType = sourcecode.swift; path = MoveToModifier.swift; sourceTree = "<group>"; };
/* End PBXFileReference section */

/* Begin PBXFrameworksBuildPhase section */
		18C6D7682969E3360017EF72 /* Frameworks */ = {
			isa = PBXFrameworksBuildPhase;
			buildActionMask = 2147483647;
			files = (
				18C6D77E2969E3E20017EF72 /* OpenAIKit in Frameworks */,
			);
			runOnlyForDeploymentPostprocessing = 0;
		};
/* End PBXFrameworksBuildPhase section */

/* Begin PBXGroup section */
		18C6D7622969E3360017EF72 = {
			isa = PBXGroup;
			children = (
				18C6D76D2969E3360017EF72 /* App */,
				18C6D76C2969E3360017EF72 /* Products */,
			);
			sourceTree = "<group>";
		};
		18C6D76C2969E3360017EF72 /* Products */ = {
			isa = PBXGroup;
			children = (
				18C6D76B2969E3360017EF72 /* Changey.app */,
			);
			name = Products;
			sourceTree = "<group>";
		};
		18C6D76D2969E3360017EF72 /* App */ = {
			isa = PBXGroup;
			children = (
				18C6D76E2969E3360017EF72 /* Changey.swift */,
				18C6D7702969E3360017EF72 /* ContentView.swift */,
				18C6D7722969E3380017EF72 /* Assets.xcassets */,
				18C6D7742969E3380017EF72 /* Preview Content */,
				61B7F7222B98E338002466F4 /* ViewModel.swift */,
				61B7F7242B98E370002466F4 /* ImageSaver.swift */,
				61B7F7262B98E3A3002466F4 /* SceneContainerView.swift */,
				61B7F7282B98E406002466F4 /* SidebarToolbarModifier.swift */,
				61B7F72A2B98E44B002466F4 /* MoveToModifier.swift */,
			);
			path = App;
			sourceTree = "<group>";
		};
		18C6D7742969E3380017EF72 /* Preview Content */ = {
			isa = PBXGroup;
			children = (
				18C6D7752969E3380017EF72 /* Preview Assets.xcassets */,
			);
			path = "Preview Content";
			sourceTree = "<group>";
		};
/* End PBXGroup section */

/* Begin PBXNativeTarget section */
		18C6D76A2969E3360017EF72 /* Changey */ = {
			isa = PBXNativeTarget;
			buildConfigurationList = 18C6D7792969E3380017EF72 /* Build configuration list for PBXNativeTarget "Changey" */;
			buildPhases = (
				18C6D7672969E3360017EF72 /* Sources */,
				18C6D7682969E3360017EF72 /* Frameworks */,
				18C6D7692969E3360017EF72 /* Resources */,
			);
			buildRules = (
			);
			dependencies = (
			);
			name = Changey;
			packageProductDependencies = (
				18C6D77D2969E3E20017EF72 /* OpenAIKit */,
			);
			productName = "AI-Image-Generator";
			productReference = 18C6D76B2969E3360017EF72 /* Changey.app */;
			productType = "com.apple.product-type.application";
		};
/* End PBXNativeTarget section */

/* Begin PBXProject section */
		18C6D7632969E3360017EF72 /* Project object */ = {
			isa = PBXProject;
			attributes = {
				BuildIndependentTargetsInParallel = 1;
				LastSwiftUpdateCheck = 1410;
				LastUpgradeCheck = 1410;
				TargetAttributes = {
					18C6D76A2969E3360017EF72 = {
						CreatedOnToolsVersion = 14.1;
					};
				};
			};
			buildConfigurationList = 18C6D7662969E3360017EF72 /* Build configuration list for PBXProject "Changey" */;
			compatibilityVersion = "Xcode 14.0";
			developmentRegion = en;
			hasScannedForEncodings = 0;
			knownRegions = (
				en,
				Base,
			);
			mainGroup = 18C6D7622969E3360017EF72;
			packageReferences = (
				18C6D77C2969E3E20017EF72 /* XCRemoteSwiftPackageReference "OpenAIKit" */,
			);
			productRefGroup = 18C6D76C2969E3360017EF72 /* Products */;
			projectDirPath = "";
			projectRoot = "";
			targets = (
				18C6D76A2969E3360017EF72 /* Changey */,
			);
		};
/* End PBXProject section */

/* Begin PBXResourcesBuildPhase section */
		18C6D7692969E3360017EF72 /* Resources */ = {
			isa = PBXResourcesBuildPhase;
			buildActionMask = 2147483647;
			files = (
				18C6D7762969E3380017EF72 /* Preview Assets.xcassets in Resources */,
				18C6D7732969E3380017EF72 /* Assets.xcassets in Resources */,
			);
			runOnlyForDeploymentPostprocessing = 0;
		};
/* End PBXResourcesBuildPhase section */

/* Begin PBXSourcesBuildPhase section */
		18C6D7672969E3360017EF72 /* Sources */ = {
			isa = PBXSourcesBuildPhase;
			buildActionMask = 2147483647;
			files = (
				18C6D7712969E3360017EF72 /* ContentView.swift in Sources */,
				61B7F7232B98E338002466F4 /* ViewModel.swift in Sources */,
				61B7F7272B98E3A3002466F4 /* SceneContainerView.swift in Sources */,
				61B7F7292B98E406002466F4 /* SidebarToolbarModifier.swift in Sources */,
				18C6D76F2969E3360017EF72 /* Changey.swift in Sources */,
				61B7F72B2B98E44B002466F4 /* MoveToModifier.swift in Sources */,
				61B7F7252B98E370002466F4 /* ImageSaver.swift in Sources */,
			);
			runOnlyForDeploymentPostprocessing = 0;
		};
/* End PBXSourcesBuildPhase section */

/* Begin XCBuildConfiguration section */
		18C6D7772969E3380017EF72 /* Debug */ = {
			isa = XCBuildConfiguration;
			buildSettings = {
				ALWAYS_SEARCH_USER_PATHS = NO;
				CLANG_ANALYZER_NONNULL = YES;
				CLANG_ANALYZER_NUMBER_OBJECT_CONVERSION = YES_AGGRESSIVE;
				CLANG_CXX_LANGUAGE_STANDARD = "gnu++20";
				CLANG_ENABLE_MODULES = YES;
				CLANG_ENABLE_OBJC_ARC = YES;
				CLANG_ENABLE_OBJC_WEAK = YES;
				CLANG_WARN_BLOCK_CAPTURE_AUTORELEASING = YES;
				CLANG_WARN_BOOL_CONVERSION = YES;
				CLANG_WARN_COMMA = YES;
				CLANG_WARN_CONSTANT_CONVERSION = YES;
				CLANG_WARN_DEPRECATED_OBJC_IMPLEMENTATIONS = YES;
				CLANG_WARN_DIRECT_OBJC_ISA_USAGE = YES_ERROR;
				CLANG_WARN_DOCUMENTATION_COMMENTS = YES;
				CLANG_WARN_EMPTY_BODY = YES;
				CLANG_WARN_ENUM_CONVERSION = YES;
				CLANG_WARN_INFINITE_RECURSION = YES;
				CLANG_WARN_INT_CONVERSION = YES;
				CLANG_WARN_NON_LITERAL_NULL_CONVERSION = YES;
				CLANG_WARN_OBJC_IMPLICIT_RETAIN_SELF = YES;
				CLANG_WARN_OBJC_LITERAL_CONVERSION = YES;
				CLANG_WARN_OBJC_ROOT_CLASS = YES_ERROR;
				CLANG_WARN_QUOTED_INCLUDE_IN_FRAMEWORK_HEADER = YES;
				CLANG_WARN_RANGE_LOOP_ANALYSIS = YES;
				CLANG_WARN_STRICT_PROTOTYPES = YES;
				CLANG_WARN_SUSPICIOUS_MOVE = YES;
				CLANG_WARN_UNGUARDED_AVAILABILITY = YES_AGGRESSIVE;
				CLANG_WARN_UNREACHABLE_CODE = YES;
				CLANG_WARN__DUPLICATE_METHOD_MATCH = YES;
				COPY_PHASE_STRIP = NO;
				DEBUG_INFORMATION_FORMAT = dwarf;
				ENABLE_STRICT_OBJC_MSGSEND = YES;
				ENABLE_TESTABILITY = YES;
				GCC_C_LANGUAGE_STANDARD = gnu11;
				GCC_DYNAMIC_NO_PIC = NO;
				GCC_NO_COMMON_BLOCKS = YES;
				GCC_OPTIMIZATION_LEVEL = 0;
				GCC_PREPROCESSOR_DEFINITIONS = (
					"DEBUG=1",
					"$(inherited)",
				);
				GCC_WARN_64_TO_32_BIT_CONVERSION = YES;
				GCC_WARN_ABOUT_RETURN_TYPE = YES_ERROR;
				GCC_WARN_UNDECLARED_SELECTOR = YES;
				GCC_WARN_UNINITIALIZED_AUTOS = YES_AGGRESSIVE;
				GCC_WARN_UNUSED_FUNCTION = YES;
				GCC_WARN_UNUSED_VARIABLE = YES;
				IPHONEOS_DEPLOYMENT_TARGET = 16.1;
				MTL_ENABLE_DEBUG_INFO = INCLUDE_SOURCE;
				MTL_FAST_MATH = YES;
				ONLY_ACTIVE_ARCH = YES;
				SDKROOT = iphoneos;
				SWIFT_ACTIVE_COMPILATION_CONDITIONS = DEBUG;
				SWIFT_OPTIMIZATION_LEVEL = "-Onone";
			};
			name = Debug;
		};
		18C6D7782969E3380017EF72 /* Release */ = {
			isa = XCBuildConfiguration;
			buildSettings = {
				ALWAYS_SEARCH_USER_PATHS = NO;
				CLANG_ANALYZER_NONNULL = YES;
				CLANG_ANALYZER_NUMBER_OBJECT_CONVERSION = YES_AGGRESSIVE;
				CLANG_CXX_LANGUAGE_STANDARD = "gnu++20";
				CLANG_ENABLE_MODULES = YES;
				CLANG_ENABLE_OBJC_ARC = YES;
				CLANG_ENABLE_OBJC_WEAK = YES;
				CLANG_WARN_BLOCK_CAPTURE_AUTORELEASING = YES;
				CLANG_WARN_BOOL_CONVERSION = YES;
				CLANG_WARN_COMMA = YES;
				CLANG_WARN_CONSTANT_CONVERSION = YES;
				CLANG_WARN_DEPRECATED_OBJC_IMPLEMENTATIONS = YES;
				CLANG_WARN_DIRECT_OBJC_ISA_USAGE = YES_ERROR;
				CLANG_WARN_DOCUMENTATION_COMMENTS = YES;
				CLANG_WARN_EMPTY_BODY = YES;
				CLANG_WARN_ENUM_CONVERSION = YES;
				CLANG_WARN_INFINITE_RECURSION = YES;
				CLANG_WARN_INT_CONVERSION = YES;
				CLANG_WARN_NON_LITERAL_NULL_CONVERSION = YES;
				CLANG_WARN_OBJC_IMPLICIT_RETAIN_SELF = YES;
				CLANG_WARN_OBJC_LITERAL_CONVERSION = YES;
				CLANG_WARN_OBJC_ROOT_CLASS = YES_ERROR;
				CLANG_WARN_QUOTED_INCLUDE_IN_FRAMEWORK_HEADER = YES;
				CLANG_WARN_RANGE_LOOP_ANALYSIS = YES;
				CLANG_WARN_STRICT_PROTOTYPES = YES;
				CLANG_WARN_SUSPICIOUS_MOVE = YES;
				CLANG_WARN_UNGUARDED_AVAILABILITY = YES_AGGRESSIVE;
				CLANG_WARN_UNREACHABLE_CODE = YES;
				CLANG_WARN__DUPLICATE_METHOD_MATCH = YES;
				COPY_PHASE_STRIP = NO;
				DEBUG_INFORMATION_FORMAT = "dwarf-with-dsym";
				ENABLE_NS_ASSERTIONS = NO;
				ENABLE_STRICT_OBJC_MSGSEND = YES;
				GCC_C_LANGUAGE_STANDARD = gnu11;
				GCC_NO_COMMON_BLOCKS = YES;
				GCC_WARN_64_TO_32_BIT_CONVERSION = YES;
				GCC_WARN_ABOUT_RETURN_TYPE = YES_ERROR;
				GCC_WARN_UNDECLARED_SELECTOR = YES;
				GCC_WARN_UNINITIALIZED_AUTOS = YES_AGGRESSIVE;
				GCC_WARN_UNUSED_FUNCTION = YES;
				GCC_WARN_UNUSED_VARIABLE = YES;
				IPHONEOS_DEPLOYMENT_TARGET = 16.1;
				MTL_ENABLE_DEBUG_INFO = NO;
				MTL_FAST_MATH = YES;
				SDKROOT = iphoneos;
				SWIFT_COMPILATION_MODE = wholemodule;
				SWIFT_OPTIMIZATION_LEVEL = "-O";
				VALIDATE_PRODUCT = YES;
			};
			name = Release;
		};
		18C6D77A2969E3380017EF72 /* Debug */ = {
			isa = XCBuildConfiguration;
			buildSettings = {
				ASSETCATALOG_COMPILER_APPICON_NAME = AppIcon;
				ASSETCATALOG_COMPILER_GLOBAL_ACCENT_COLOR_NAME = AccentColor;
				CODE_SIGN_STYLE = Automatic;
				CURRENT_PROJECT_VERSION = 1;
				DEVELOPMENT_ASSET_PATHS = "\"App/Preview Content\"";
				DEVELOPMENT_TEAM = 7Z3Z6D3TH7;
				ENABLE_PREVIEWS = YES;
				GENERATE_INFOPLIST_FILE = YES;
				INFOPLIST_KEY_CFBundleDisplayName = Changey;
				INFOPLIST_KEY_NSPhotoLibraryAddUsageDescription = "Grant permission to save images from Changey.";
				INFOPLIST_KEY_UIApplicationSceneManifest_Generation = YES;
				INFOPLIST_KEY_UIApplicationSupportsIndirectInputEvents = YES;
				INFOPLIST_KEY_UILaunchScreen_Generation = YES;
				INFOPLIST_KEY_UISupportedInterfaceOrientations_iPad = "UIInterfaceOrientationPortrait UIInterfaceOrientationPortraitUpsideDown UIInterfaceOrientationLandscapeLeft UIInterfaceOrientationLandscapeRight";
				INFOPLIST_KEY_UISupportedInterfaceOrientations_iPhone = "UIInterfaceOrientationPortrait UIInterfaceOrientationLandscapeLeft UIInterfaceOrientationLandscapeRight";
				IPHONEOS_DEPLOYMENT_TARGET = 17.0;
				LD_RUNPATH_SEARCH_PATHS = (
					"$(inherited)",
					"@executable_path/Frameworks",
				);
				MARKETING_VERSION = 1.0;
				PRODUCT_BUNDLE_IDENTIFIER = com.tylerdlawrence.changey;
				PRODUCT_NAME = "$(TARGET_NAME)";
				SWIFT_EMIT_LOC_STRINGS = YES;
				SWIFT_VERSION = 5.0;
				TARGETED_DEVICE_FAMILY = "1,2";
			};
			name = Debug;
		};
		18C6D77B2969E3380017EF72 /* Release */ = {
			isa = XCBuildConfiguration;
			buildSettings = {
				ASSETCATALOG_COMPILER_APPICON_NAME = AppIcon;
				ASSETCATALOG_COMPILER_GLOBAL_ACCENT_COLOR_NAME = AccentColor;
				CODE_SIGN_STYLE = Automatic;
				CURRENT_PROJECT_VERSION = 1;
				DEVELOPMENT_ASSET_PATHS = "\"App/Preview Content\"";
				DEVELOPMENT_TEAM = 7Z3Z6D3TH7;
				ENABLE_PREVIEWS = YES;
				GENERATE_INFOPLIST_FILE = YES;
				INFOPLIST_KEY_CFBundleDisplayName = Changey;
				INFOPLIST_KEY_NSPhotoLibraryAddUsageDescription = "Grant permission to save images from Changey.";
				INFOPLIST_KEY_UIApplicationSceneManifest_Generation = YES;
				INFOPLIST_KEY_UIApplicationSupportsIndirectInputEvents = YES;
				INFOPLIST_KEY_UILaunchScreen_Generation = YES;
				INFOPLIST_KEY_UISupportedInterfaceOrientations_iPad = "UIInterfaceOrientationPortrait UIInterfaceOrientationPortraitUpsideDown UIInterfaceOrientationLandscapeLeft UIInterfaceOrientationLandscapeRight";
				INFOPLIST_KEY_UISupportedInterfaceOrientations_iPhone = "UIInterfaceOrientationPortrait UIInterfaceOrientationLandscapeLeft UIInterfaceOrientationLandscapeRight";
				IPHONEOS_DEPLOYMENT_TARGET = 17.0;
				LD_RUNPATH_SEARCH_PATHS = (
					"$(inherited)",
					"@executable_path/Frameworks",
				);
				MARKETING_VERSION = 1.0;
				PRODUCT_BUNDLE_IDENTIFIER = com.tylerdlawrence.changey;
				PRODUCT_NAME = "$(TARGET_NAME)";
				SWIFT_EMIT_LOC_STRINGS = YES;
				SWIFT_VERSION = 5.0;
				TARGETED_DEVICE_FAMILY = "1,2";
			};
			name = Release;
		};
/* End XCBuildConfiguration section */

/* Begin XCConfigurationList section */
		18C6D7662969E3360017EF72 /* Build configuration list for PBXProject "Changey" */ = {
			isa = XCConfigurationList;
			buildConfigurations = (
				18C6D7772969E3380017EF72 /* Debug */,
				18C6D7782969E3380017EF72 /* Release */,
			);
			defaultConfigurationIsVisible = 0;
			defaultConfigurationName = Release;
		};
		18C6D7792969E3380017EF72 /* Build configuration list for PBXNativeTarget "Changey" */ = {
			isa = XCConfigurationList;
			buildConfigurations = (
				18C6D77A2969E3380017EF72 /* Debug */,
				18C6D77B2969E3380017EF72 /* Release */,
			);
			defaultConfigurationIsVisible = 0;
			defaultConfigurationName = Release;
		};
/* End XCConfigurationList section */

/* Begin XCRemoteSwiftPackageReference section */
		18C6D77C2969E3E20017EF72 /* XCRemoteSwiftPackageReference "OpenAIKit" */ = {
			isa = XCRemoteSwiftPackageReference;
			repositoryURL = "https://github.com/MarcoDotIO/OpenAIKit";
			requirement = {
				kind = upToNextMajorVersion;
				minimumVersion = 1.0.0;
			};
		};
/* End XCRemoteSwiftPackageReference section */

/* Begin XCSwiftPackageProductDependency section */
		18C6D77D2969E3E20017EF72 /* OpenAIKit */ = {
			isa = XCSwiftPackageProductDependency;
			package = 18C6D77C2969E3E20017EF72 /* XCRemoteSwiftPackageReference "OpenAIKit" */;
			productName = OpenAIKit;
		};
/* End XCSwiftPackageProductDependency section */
	};
	rootObject = 18C6D7632969E3360017EF72 /* Project object */;
}
